
Microsoft Visual Studio Solution File, Format Version 12.00
# Visual Studio Version 16
VisualStudioVersion = 16.0.31702.278
MinimumVisualStudioVersion = 10.0.40219.1
Project("{FAE04EC0-301F-11D3-BF4B-00C04F79EFBC}") = "Web_I-O_Nitsche_Weismann", "Web_I-O_Nitsche_Weismann\Web_I-O_Nitsche_Weismann.csproj", "{963D20F7-0D58-4521-8976-9DC7BAA29BE0}"
EndProject
Global
	GlobalSection(SolutionConfigurationPlatforms) = preSolution
		Debug|Any CPU = Debug|Any CPU
		Release|Any CPU = Release|Any CPU
	EndGlobalSection
	GlobalSection(ProjectConfigurationPlatforms) = postSolution
		{963D20F7-0D58-4521-8976-9DC7BAA29BE0}.Debug|Any CPU.ActiveCfg = Debug|Any CPU
		{963D20F7-0D58-4521-8976-9DC7BAA29BE0}.Debug|Any CPU.Build.0 = Debug|Any CPU
		{963D20F7-0D58-4521-8976-9DC7BAA29BE0}.Release|Any CPU.ActiveCfg = Release|Any CPU
		{963D20F7-0D58-4521-8976-9DC7BAA29BE0}.Release|Any CPU.Build.0 = Release|Any CPU
	EndGlobalSection
	GlobalSection(SolutionProperties) = preSolution
		HideSolutionNode = FALSE
	EndGlobalSection
	GlobalSection(ExtensibilityGlobals) = postSolution
		SolutionGuid = {8E508081-73E7-4B7C-9F62-58EB678BED3B}
	EndGlobalSection
EndGlobal
